
Microsoft Visual Studio Solution File, Format Version 12.00
# Visual Studio Version 16
VisualStudioVersion = 16.0.29503.13
MinimumVisualStudioVersion = 10.0.40219.1
Project("{FAE04EC0-301F-11D3-BF4B-00C04F79EFBC}") = "ForSBO", "ForSBO\ForSBO.csproj", "{D14C9BBA-22FA-4AF7-BB1C-3FC8AD540552}"
EndProject
Project("{FAE04EC0-301F-11D3-BF4B-00C04F79EFBC}") = "ClassLibraryWithCliff", "..\ClassLibraryWithCliff\ClassLibraryWithCliff.csproj", "{33BCC804-325C-4900-A963-94270096C469}"
EndProject
Project("{54435603-DBB4-11D2-8724-00A0C9A8B90C}") = "LQZSBO", "LQZSBO\LQZSBO.vdproj", "{FA6DFE92-75EE-4616-BDF0-C6DEA4344242}"
EndProject
Global
	GlobalSection(SolutionConfigurationPlatforms) = preSolution
		Debug|Any CPU = Debug|Any CPU
		Release|Any CPU = Release|Any CPU
	EndGlobalSection
	GlobalSection(ProjectConfigurationPlatforms) = postSolution
		{D14C9BBA-22FA-4AF7-BB1C-3FC8AD540552}.Debug|Any CPU.ActiveCfg = Debug|Any CPU
		{D14C9BBA-22FA-4AF7-BB1C-3FC8AD540552}.Debug|Any CPU.Build.0 = Debug|Any CPU
		{D14C9BBA-22FA-4AF7-BB1C-3FC8AD540552}.Release|Any CPU.ActiveCfg = Release|Any CPU
		{D14C9BBA-22FA-4AF7-BB1C-3FC8AD540552}.Release|Any CPU.Build.0 = Release|Any CPU
		{33BCC804-325C-4900-A963-94270096C469}.Debug|Any CPU.ActiveCfg = Debug|Any CPU
		{33BCC804-325C-4900-A963-94270096C469}.Debug|Any CPU.Build.0 = Debug|Any CPU
		{33BCC804-325C-4900-A963-94270096C469}.Release|Any CPU.ActiveCfg = Release|Any CPU
		{33BCC804-325C-4900-A963-94270096C469}.Release|Any CPU.Build.0 = Release|Any CPU
		{FA6DFE92-75EE-4616-BDF0-C6DEA4344242}.Debug|Any CPU.ActiveCfg = Debug
		{FA6DFE92-75EE-4616-BDF0-C6DEA4344242}.Release|Any CPU.ActiveCfg = Release
	EndGlobalSection
	GlobalSection(SolutionProperties) = preSolution
		HideSolutionNode = FALSE
	EndGlobalSection
	GlobalSection(ExtensibilityGlobals) = postSolution
		SolutionGuid = {46684909-EDD8-43B7-8F76-8102F292D03B}
	EndGlobalSection
EndGlobal
